{
  "name": "techmagic-academy-node",
  "version": "1.0.0",
  "lockfileVersion": 3,
  "requires": true,
  "packages": {
    "": {
      "name": "techmagic-academy-node",
      "version": "1.0.0",
      "license": "MIT",
      "dependencies": {
        "@alium212/techmagic-academy-node-npm-packet-task": "^1.0.1"
      }
    },
    "node_modules/@alium212/techmagic-academy-node-npm-packet-task": {
      "version": "1.0.1",
      "resolved": "https://registry.npmjs.org/@alium212/techmagic-academy-node-npm-packet-task/-/techmagic-academy-node-npm-packet-task-1.0.1.tgz",
      "integrity": "sha512-wXqyiYaLVBWg369y+PhPA8yIdIftv+j3761ETPSlnk1FQwsdMZqS7SZteWGqxm/8cytA+B/rmB7toOD92fUgVw=="
    }
  }
}
